
Microsoft Visual Studio Solution File, Format Version 12.00
# Visual Studio 15
VisualStudioVersion = 15.0.27428.2011
MinimumVisualStudioVersion = 10.0.40219.1
Project("{FAE04EC0-301F-11D3-BF4B-00C04F79EFBC}") = "Tugas5", "Tugas5\Tugas5.csproj", "{D4FC5EB3-5997-49B4-9D50-9FB4C7FAB54C}"
EndProject
Global
	GlobalSection(SolutionConfigurationPlatforms) = preSolution
		Debug|Any CPU = Debug|Any CPU
		Release|Any CPU = Release|Any CPU
	EndGlobalSection
	GlobalSection(ProjectConfigurationPlatforms) = postSolution
		{D4FC5EB3-5997-49B4-9D50-9FB4C7FAB54C}.Debug|Any CPU.ActiveCfg = Debug|Any CPU
		{D4FC5EB3-5997-49B4-9D50-9FB4C7FAB54C}.Debug|Any CPU.Build.0 = Debug|Any CPU
		{D4FC5EB3-5997-49B4-9D50-9FB4C7FAB54C}.Release|Any CPU.ActiveCfg = Release|Any CPU
		{D4FC5EB3-5997-49B4-9D50-9FB4C7FAB54C}.Release|Any CPU.Build.0 = Release|Any CPU
	EndGlobalSection
	GlobalSection(SolutionProperties) = preSolution
		HideSolutionNode = FALSE
	EndGlobalSection
	GlobalSection(ExtensibilityGlobals) = postSolution
		SolutionGuid = {3B40F7F9-0085-4461-85B8-F2A43B757FCF}
	EndGlobalSection
EndGlobal
