
Microsoft Visual Studio Solution File, Format Version 12.00
# Visual Studio 15
VisualStudioVersion = 15.0.27428.2011
MinimumVisualStudioVersion = 10.0.40219.1
Project("{FAE04EC0-301F-11D3-BF4B-00C04F79EFBC}") = "Tugas4_1", "Tugas4_1\Tugas4_1.csproj", "{53E327B1-7FBC-4DA8-A356-6D7363741722}"
EndProject
Global
	GlobalSection(SolutionConfigurationPlatforms) = preSolution
		Debug|Any CPU = Debug|Any CPU
		Release|Any CPU = Release|Any CPU
	EndGlobalSection
	GlobalSection(ProjectConfigurationPlatforms) = postSolution
		{53E327B1-7FBC-4DA8-A356-6D7363741722}.Debug|Any CPU.ActiveCfg = Debug|Any CPU
		{53E327B1-7FBC-4DA8-A356-6D7363741722}.Debug|Any CPU.Build.0 = Debug|Any CPU
		{53E327B1-7FBC-4DA8-A356-6D7363741722}.Release|Any CPU.ActiveCfg = Release|Any CPU
		{53E327B1-7FBC-4DA8-A356-6D7363741722}.Release|Any CPU.Build.0 = Release|Any CPU
	EndGlobalSection
	GlobalSection(SolutionProperties) = preSolution
		HideSolutionNode = FALSE
	EndGlobalSection
	GlobalSection(ExtensibilityGlobals) = postSolution
		SolutionGuid = {CB96C64F-3413-4C7B-B497-6388363E6D6E}
	EndGlobalSection
EndGlobal
