
Microsoft Visual Studio Solution File, Format Version 12.00
# Visual Studio 15
VisualStudioVersion = 15.0.26730.12
MinimumVisualStudioVersion = 10.0.40219.1
Project("{8BC9CEB8-8B4A-11D0-8D11-00A0C91BC942}") = "Animasi1", "Animasi1\Animasi1.vcxproj", "{3F7B09B6-5D9F-444F-9649-3849B7122F85}"
EndProject
Global
	GlobalSection(SolutionConfigurationPlatforms) = preSolution
		Debug|x64 = Debug|x64
		Debug|x86 = Debug|x86
		Release|x64 = Release|x64
		Release|x86 = Release|x86
	EndGlobalSection
	GlobalSection(ProjectConfigurationPlatforms) = postSolution
		{3F7B09B6-5D9F-444F-9649-3849B7122F85}.Debug|x64.ActiveCfg = Debug|x64
		{3F7B09B6-5D9F-444F-9649-3849B7122F85}.Debug|x64.Build.0 = Debug|x64
		{3F7B09B6-5D9F-444F-9649-3849B7122F85}.Debug|x86.ActiveCfg = Debug|Win32
		{3F7B09B6-5D9F-444F-9649-3849B7122F85}.Debug|x86.Build.0 = Debug|Win32
		{3F7B09B6-5D9F-444F-9649-3849B7122F85}.Release|x64.ActiveCfg = Release|x64
		{3F7B09B6-5D9F-444F-9649-3849B7122F85}.Release|x64.Build.0 = Release|x64
		{3F7B09B6-5D9F-444F-9649-3849B7122F85}.Release|x86.ActiveCfg = Release|Win32
		{3F7B09B6-5D9F-444F-9649-3849B7122F85}.Release|x86.Build.0 = Release|Win32
	EndGlobalSection
	GlobalSection(SolutionProperties) = preSolution
		HideSolutionNode = FALSE
	EndGlobalSection
	GlobalSection(ExtensibilityGlobals) = postSolution
		SolutionGuid = {E984A723-8C10-4003-93D4-8F15A4FA581B}
	EndGlobalSection
EndGlobal
